{
  "name": "backend",
  "lockfileVersion": 3,
  "requires": true,
  "packages": {
    "": {
      "dependencies": {
        "sherpa-onnx": "^1.12.29"
      }
    },
    "node_modules/sherpa-onnx": {
      "version": "1.12.29",
      "resolved": "https://registry.npmjs.org/sherpa-onnx/-/sherpa-onnx-1.12.29.tgz",
      "integrity": "sha512-82lajuJiJJftuBbYPJdYy4F/oDLUUanw4vkC/cRbnBIiONFbsDAhiILJEY22cRUOHs0XTrterqeTsGR4Z0AoSw==",
      "license": "Apache-2.0"
    }
  }
}
